// !$*UTF8*$!
{
	archiveVersion = 1;
	classes = {
	};
	objectVersion = 46;
	objects = {

/* Begin PBXAggregateTarget section */
		"DuetBot::DuetBotPackageTests::ProductTarget" /* DuetBotPackageTests */ = {
			isa = PBXAggregateTarget;
			buildConfigurationList = OBJ_128 /* Build configuration list for PBXAggregateTarget "DuetBotPackageTests" */;
			buildPhases = (
			);
			dependencies = (
				OBJ_131 /* PBXTargetDependency */,
			);
			name = DuetBotPackageTests;
			productName = DuetBotPackageTests;
		};
/* End PBXAggregateTarget section */

/* Begin PBXBuildFile section */
		OBJ_102 /* Bot.swift in Sources */ = {isa = PBXBuildFile; fileRef = OBJ_10 /* Bot.swift */; };
		OBJ_103 /* Command.swift in Sources */ = {isa = PBXBuildFile; fileRef = OBJ_11 /* Command.swift */; };
		OBJ_104 /* Config.swift in Sources */ = {isa = PBXBuildFile; fileRef = OBJ_12 /* Config.swift */; };
		OBJ_105 /* Snowflake.swift in Sources */ = {isa = PBXBuildFile; fileRef = OBJ_15 /* Snowflake.swift */; };
		OBJ_106 /* InsultRoutine.swift in Sources */ = {isa = PBXBuildFile; fileRef = OBJ_17 /* InsultRoutine.swift */; };
		OBJ_107 /* MinecraftMessageRoutine.swift in Sources */ = {isa = PBXBuildFile; fileRef = OBJ_18 /* MinecraftMessageRoutine.swift */; };
		OBJ_108 /* PingPongRoutine.swift in Sources */ = {isa = PBXBuildFile; fileRef = OBJ_19 /* PingPongRoutine.swift */; };
		OBJ_109 /* Routine.swift in Sources */ = {isa = PBXBuildFile; fileRef = OBJ_20 /* Routine.swift */; };
		OBJ_110 /* main.swift in Sources */ = {isa = PBXBuildFile; fileRef = OBJ_21 /* main.swift */; };
		OBJ_112 /* Raptor.framework in Frameworks */ = {isa = PBXBuildFile; fileRef = "Raptor::Raptor::Product" /* Raptor.framework */; };
		OBJ_113 /* Sword.framework in Frameworks */ = {isa = PBXBuildFile; fileRef = "Sword::Sword::Product" /* Sword.framework */; };
		OBJ_114 /* Starscream.framework in Frameworks */ = {isa = PBXBuildFile; fileRef = "Starscream::Starscream::Product" /* Starscream.framework */; };
		OBJ_126 /* Package.swift in Sources */ = {isa = PBXBuildFile; fileRef = OBJ_6 /* Package.swift */; };
		OBJ_137 /* DuetBotTests.swift in Sources */ = {isa = PBXBuildFile; fileRef = OBJ_24 /* DuetBotTests.swift */; };
		OBJ_138 /* XCTestManifests.swift in Sources */ = {isa = PBXBuildFile; fileRef = OBJ_25 /* XCTestManifests.swift */; };
		OBJ_140 /* Raptor.framework in Frameworks */ = {isa = PBXBuildFile; fileRef = "Raptor::Raptor::Product" /* Raptor.framework */; };
		OBJ_141 /* Sword.framework in Frameworks */ = {isa = PBXBuildFile; fileRef = "Sword::Sword::Product" /* Sword.framework */; };
		OBJ_142 /* Starscream.framework in Frameworks */ = {isa = PBXBuildFile; fileRef = "Starscream::Starscream::Product" /* Starscream.framework */; };
		OBJ_151 /* srcon.cpp in Sources */ = {isa = PBXBuildFile; fileRef = OBJ_30 /* srcon.cpp */; };
		OBJ_152 /* umbrella.cpp in Sources */ = {isa = PBXBuildFile; fileRef = OBJ_31 /* umbrella.cpp */; };
		OBJ_159 /* Package.swift in Sources */ = {isa = PBXBuildFile; fileRef = OBJ_28 /* Package.swift */; };
		OBJ_164 /* Compression.swift in Sources */ = {isa = PBXBuildFile; fileRef = OBJ_88 /* Compression.swift */; };
		OBJ_165 /* SSLSecurity.swift in Sources */ = {isa = PBXBuildFile; fileRef = OBJ_89 /* SSLSecurity.swift */; };
		OBJ_166 /* WebSocket.swift in Sources */ = {isa = PBXBuildFile; fileRef = OBJ_90 /* WebSocket.swift */; };
		OBJ_173 /* Package.swift in Sources */ = {isa = PBXBuildFile; fileRef = OBJ_87 /* Package.swift */; };
		OBJ_178 /* EventHandler.swift in Sources */ = {isa = PBXBuildFile; fileRef = OBJ_38 /* EventHandler.swift */; };
		OBJ_179 /* Eventable.swift in Sources */ = {isa = PBXBuildFile; fileRef = OBJ_39 /* Eventable.swift */; };
		OBJ_180 /* Gateway.swift in Sources */ = {isa = PBXBuildFile; fileRef = OBJ_40 /* Gateway.swift */; };
		OBJ_181 /* GatewayHandler.swift in Sources */ = {isa = PBXBuildFile; fileRef = OBJ_41 /* GatewayHandler.swift */; };
		OBJ_182 /* Heartbeat.swift in Sources */ = {isa = PBXBuildFile; fileRef = OBJ_42 /* Heartbeat.swift */; };
		OBJ_183 /* Payload.swift in Sources */ = {isa = PBXBuildFile; fileRef = OBJ_43 /* Payload.swift */; };
		OBJ_184 /* Shard.swift in Sources */ = {isa = PBXBuildFile; fileRef = OBJ_44 /* Shard.swift */; };
		OBJ_185 /* ShardManager.swift in Sources */ = {isa = PBXBuildFile; fileRef = OBJ_45 /* ShardManager.swift */; };
		OBJ_186 /* EndpointInfo.swift in Sources */ = {isa = PBXBuildFile; fileRef = OBJ_47 /* EndpointInfo.swift */; };
		OBJ_187 /* Endpoints.swift in Sources */ = {isa = PBXBuildFile; fileRef = OBJ_48 /* Endpoints.swift */; };
		OBJ_188 /* MultipartBody.swift in Sources */ = {isa = PBXBuildFile; fileRef = OBJ_49 /* MultipartBody.swift */; };
		OBJ_189 /* RateLimit.swift in Sources */ = {isa = PBXBuildFile; fileRef = OBJ_50 /* RateLimit.swift */; };
		OBJ_190 /* Request.swift in Sources */ = {isa = PBXBuildFile; fileRef = OBJ_51 /* Request.swift */; };
		OBJ_191 /* Command.swift in Sources */ = {isa = PBXBuildFile; fileRef = OBJ_53 /* Command.swift */; };
		OBJ_192 /* Permissions.swift in Sources */ = {isa = PBXBuildFile; fileRef = OBJ_54 /* Permissions.swift */; };
		OBJ_193 /* Shield.swift in Sources */ = {isa = PBXBuildFile; fileRef = OBJ_55 /* Shield.swift */; };
		OBJ_194 /* Sword.swift in Sources */ = {isa = PBXBuildFile; fileRef = OBJ_56 /* Sword.swift */; };
		OBJ_195 /* AuditLog.swift in Sources */ = {isa = PBXBuildFile; fileRef = OBJ_58 /* AuditLog.swift */; };
		OBJ_196 /* Channel.swift in Sources */ = {isa = PBXBuildFile; fileRef = OBJ_59 /* Channel.swift */; };
		OBJ_197 /* DM.swift in Sources */ = {isa = PBXBuildFile; fileRef = OBJ_60 /* DM.swift */; };
		OBJ_198 /* Emoji.swift in Sources */ = {isa = PBXBuildFile; fileRef = OBJ_61 /* Emoji.swift */; };
		OBJ_199 /* GroupDM.swift in Sources */ = {isa = PBXBuildFile; fileRef = OBJ_62 /* GroupDM.swift */; };
		OBJ_200 /* Guild.swift in Sources */ = {isa = PBXBuildFile; fileRef = OBJ_63 /* Guild.swift */; };
		OBJ_201 /* GuildCategory.swift in Sources */ = {isa = PBXBuildFile; fileRef = OBJ_64 /* GuildCategory.swift */; };
		OBJ_202 /* GuildText.swift in Sources */ = {isa = PBXBuildFile; fileRef = OBJ_65 /* GuildText.swift */; };
		OBJ_203 /* GuildVoice.swift in Sources */ = {isa = PBXBuildFile; fileRef = OBJ_66 /* GuildVoice.swift */; };
		OBJ_204 /* Invite.swift in Sources */ = {isa = PBXBuildFile; fileRef = OBJ_67 /* Invite.swift */; };
		OBJ_205 /* Member.swift in Sources */ = {isa = PBXBuildFile; fileRef = OBJ_68 /* Member.swift */; };
		OBJ_206 /* Message.swift in Sources */ = {isa = PBXBuildFile; fileRef = OBJ_69 /* Message.swift */; };
		OBJ_207 /* Options.swift in Sources */ = {isa = PBXBuildFile; fileRef = OBJ_70 /* Options.swift */; };
		OBJ_208 /* Role.swift in Sources */ = {isa = PBXBuildFile; fileRef = OBJ_71 /* Role.swift */; };
		OBJ_209 /* Snowflake.swift in Sources */ = {isa = PBXBuildFile; fileRef = OBJ_72 /* Snowflake.swift */; };
		OBJ_210 /* User.swift in Sources */ = {isa = PBXBuildFile; fileRef = OBJ_73 /* User.swift */; };
		OBJ_211 /* VoiceState.swift in Sources */ = {isa = PBXBuildFile; fileRef = OBJ_74 /* VoiceState.swift */; };
		OBJ_212 /* Webhook.swift in Sources */ = {isa = PBXBuildFile; fileRef = OBJ_75 /* Webhook.swift */; };
		OBJ_213 /* Bucket.swift in Sources */ = {isa = PBXBuildFile; fileRef = OBJ_77 /* Bucket.swift */; };
		OBJ_214 /* Enums.swift in Sources */ = {isa = PBXBuildFile; fileRef = OBJ_78 /* Enums.swift */; };
		OBJ_215 /* Error.swift in Sources */ = {isa = PBXBuildFile; fileRef = OBJ_79 /* Error.swift */; };
		OBJ_216 /* Imageable.swift in Sources */ = {isa = PBXBuildFile; fileRef = OBJ_80 /* Imageable.swift */; };
		OBJ_217 /* JSON.swift in Sources */ = {isa = PBXBuildFile; fileRef = OBJ_81 /* JSON.swift */; };
		OBJ_218 /* Log.swift in Sources */ = {isa = PBXBuildFile; fileRef = OBJ_82 /* Log.swift */; };
		OBJ_219 /* Updatable.swift in Sources */ = {isa = PBXBuildFile; fileRef = OBJ_83 /* Updatable.swift */; };
		OBJ_220 /* Utils.swift in Sources */ = {isa = PBXBuildFile; fileRef = OBJ_84 /* Utils.swift */; };
		OBJ_222 /* Starscream.framework in Frameworks */ = {isa = PBXBuildFile; fileRef = "Starscream::Starscream::Product" /* Starscream.framework */; };
		OBJ_229 /* Package.swift in Sources */ = {isa = PBXBuildFile; fileRef = OBJ_85 /* Package.swift */; };
/* End PBXBuildFile section */

/* Begin PBXContainerItemProxy section */
		946F7E3B2198117700A2A1D3 /* PBXContainerItemProxy */ = {
			isa = PBXContainerItemProxy;
			containerPortal = OBJ_1 /* Project object */;
			proxyType = 1;
			remoteGlobalIDString = "Starscream::Starscream";
			remoteInfo = Starscream;
		};
		946F7E3C2198117700A2A1D3 /* PBXContainerItemProxy */ = {
			isa = PBXContainerItemProxy;
			containerPortal = OBJ_1 /* Project object */;
			proxyType = 1;
			remoteGlobalIDString = "Raptor::Raptor";
			remoteInfo = Raptor;
		};
		946F7E3D2198117700A2A1D3 /* PBXContainerItemProxy */ = {
			isa = PBXContainerItemProxy;
			containerPortal = OBJ_1 /* Project object */;
			proxyType = 1;
			remoteGlobalIDString = "Sword::Sword";
			remoteInfo = Sword;
		};
		946F7E3E2198117700A2A1D3 /* PBXContainerItemProxy */ = {
			isa = PBXContainerItemProxy;
			containerPortal = OBJ_1 /* Project object */;
			proxyType = 1;
			remoteGlobalIDString = "Starscream::Starscream";
			remoteInfo = Starscream;
		};
		946F7E3F2198117700A2A1D3 /* PBXContainerItemProxy */ = {
			isa = PBXContainerItemProxy;
			containerPortal = OBJ_1 /* Project object */;
			proxyType = 1;
			remoteGlobalIDString = "DuetBot::DuetBot";
			remoteInfo = DuetBot;
		};
		946F7E402198117700A2A1D3 /* PBXContainerItemProxy */ = {
			isa = PBXContainerItemProxy;
			containerPortal = OBJ_1 /* Project object */;
			proxyType = 1;
			remoteGlobalIDString = "Raptor::Raptor";
			remoteInfo = Raptor;
		};
		946F7E412198117700A2A1D3 /* PBXContainerItemProxy */ = {
			isa = PBXContainerItemProxy;
			containerPortal = OBJ_1 /* Project object */;
			proxyType = 1;
			remoteGlobalIDString = "Sword::Sword";
			remoteInfo = Sword;
		};
		946F7E422198117700A2A1D3 /* PBXContainerItemProxy */ = {
			isa = PBXContainerItemProxy;
			containerPortal = OBJ_1 /* Project object */;
			proxyType = 1;
			remoteGlobalIDString = "Starscream::Starscream";
			remoteInfo = Starscream;
		};
		946F7E432198117800A2A1D3 /* PBXContainerItemProxy */ = {
			isa = PBXContainerItemProxy;
			containerPortal = OBJ_1 /* Project object */;
			proxyType = 1;
			remoteGlobalIDString = "DuetBot::DuetBotTests";
			remoteInfo = DuetBotTests;
		};
/* End PBXContainerItemProxy section */

/* Begin PBXFileReference section */
		"DuetBot::DuetBot::Product" /* DuetBot */ = {isa = PBXFileReference; lastKnownFileType = text; path = DuetBot; sourceTree = BUILT_PRODUCTS_DIR; };
		"DuetBot::DuetBotTests::Product" /* DuetBotTests.xctest */ = {isa = PBXFileReference; lastKnownFileType = file; path = DuetBotTests.xctest; sourceTree = BUILT_PRODUCTS_DIR; };
		OBJ_10 /* Bot.swift */ = {isa = PBXFileReference; lastKnownFileType = sourcecode.swift; path = Bot.swift; sourceTree = "<group>"; };
		OBJ_11 /* Command.swift */ = {isa = PBXFileReference; lastKnownFileType = sourcecode.swift; path = Command.swift; sourceTree = "<group>"; };
		OBJ_12 /* Config.swift */ = {isa = PBXFileReference; lastKnownFileType = sourcecode.swift; path = Config.swift; sourceTree = "<group>"; };
		OBJ_15 /* Snowflake.swift */ = {isa = PBXFileReference; lastKnownFileType = sourcecode.swift; path = Snowflake.swift; sourceTree = "<group>"; };
		OBJ_17 /* InsultRoutine.swift */ = {isa = PBXFileReference; lastKnownFileType = sourcecode.swift; path = InsultRoutine.swift; sourceTree = "<group>"; };
		OBJ_18 /* MinecraftMessageRoutine.swift */ = {isa = PBXFileReference; lastKnownFileType = sourcecode.swift; path = MinecraftMessageRoutine.swift; sourceTree = "<group>"; };
		OBJ_19 /* PingPongRoutine.swift */ = {isa = PBXFileReference; lastKnownFileType = sourcecode.swift; path = PingPongRoutine.swift; sourceTree = "<group>"; };
		OBJ_20 /* Routine.swift */ = {isa = PBXFileReference; lastKnownFileType = sourcecode.swift; path = Routine.swift; sourceTree = "<group>"; };
		OBJ_21 /* main.swift */ = {isa = PBXFileReference; lastKnownFileType = sourcecode.swift; path = main.swift; sourceTree = "<group>"; };
		OBJ_24 /* DuetBotTests.swift */ = {isa = PBXFileReference; lastKnownFileType = sourcecode.swift; path = DuetBotTests.swift; sourceTree = "<group>"; };
		OBJ_25 /* XCTestManifests.swift */ = {isa = PBXFileReference; lastKnownFileType = sourcecode.swift; path = XCTestManifests.swift; sourceTree = "<group>"; };
		OBJ_28 /* Package.swift */ = {isa = PBXFileReference; explicitFileType = sourcecode.swift; name = Package.swift; path = "/Users/ryan/dev/discordbot/.build/checkouts/Raptor--6116708156360983641/Package.swift"; sourceTree = "<group>"; };
		OBJ_30 /* srcon.cpp */ = {isa = PBXFileReference; lastKnownFileType = sourcecode.cpp.cpp; path = srcon.cpp; sourceTree = "<group>"; };
		OBJ_31 /* umbrella.cpp */ = {isa = PBXFileReference; lastKnownFileType = sourcecode.cpp.cpp; path = umbrella.cpp; sourceTree = "<group>"; };
		OBJ_33 /* umbrella.h */ = {isa = PBXFileReference; lastKnownFileType = sourcecode.c.h; path = umbrella.h; sourceTree = "<group>"; };
		OBJ_34 /* module.modulemap */ = {isa = PBXFileReference; lastKnownFileType = "sourcecode.module-map"; name = module.modulemap; path = /Users/ryan/dev/discordbot/DuetBot.xcodeproj/GeneratedModuleMap/Raptor/module.modulemap; sourceTree = "<group>"; };
		OBJ_38 /* EventHandler.swift */ = {isa = PBXFileReference; lastKnownFileType = sourcecode.swift; path = EventHandler.swift; sourceTree = "<group>"; };
		OBJ_39 /* Eventable.swift */ = {isa = PBXFileReference; lastKnownFileType = sourcecode.swift; path = Eventable.swift; sourceTree = "<group>"; };
		OBJ_40 /* Gateway.swift */ = {isa = PBXFileReference; lastKnownFileType = sourcecode.swift; path = Gateway.swift; sourceTree = "<group>"; };
		OBJ_41 /* GatewayHandler.swift */ = {isa = PBXFileReference; lastKnownFileType = sourcecode.swift; path = GatewayHandler.swift; sourceTree = "<group>"; };
		OBJ_42 /* Heartbeat.swift */ = {isa = PBXFileReference; lastKnownFileType = sourcecode.swift; path = Heartbeat.swift; sourceTree = "<group>"; };
		OBJ_43 /* Payload.swift */ = {isa = PBXFileReference; lastKnownFileType = sourcecode.swift; path = Payload.swift; sourceTree = "<group>"; };
		OBJ_44 /* Shard.swift */ = {isa = PBXFileReference; lastKnownFileType = sourcecode.swift; path = Shard.swift; sourceTree = "<group>"; };
		OBJ_45 /* ShardManager.swift */ = {isa = PBXFileReference; lastKnownFileType = sourcecode.swift; path = ShardManager.swift; sourceTree = "<group>"; };
		OBJ_47 /* EndpointInfo.swift */ = {isa = PBXFileReference; lastKnownFileType = sourcecode.swift; path = EndpointInfo.swift; sourceTree = "<group>"; };
		OBJ_48 /* Endpoints.swift */ = {isa = PBXFileReference; lastKnownFileType = sourcecode.swift; path = Endpoints.swift; sourceTree = "<group>"; };
		OBJ_49 /* MultipartBody.swift */ = {isa = PBXFileReference; lastKnownFileType = sourcecode.swift; path = MultipartBody.swift; sourceTree = "<group>"; };
		OBJ_50 /* RateLimit.swift */ = {isa = PBXFileReference; lastKnownFileType = sourcecode.swift; path = RateLimit.swift; sourceTree = "<group>"; };
		OBJ_51 /* Request.swift */ = {isa = PBXFileReference; lastKnownFileType = sourcecode.swift; path = Request.swift; sourceTree = "<group>"; };
		OBJ_53 /* Command.swift */ = {isa = PBXFileReference; lastKnownFileType = sourcecode.swift; path = Command.swift; sourceTree = "<group>"; };
		OBJ_54 /* Permissions.swift */ = {isa = PBXFileReference; lastKnownFileType = sourcecode.swift; path = Permissions.swift; sourceTree = "<group>"; };
		OBJ_55 /* Shield.swift */ = {isa = PBXFileReference; lastKnownFileType = sourcecode.swift; path = Shield.swift; sourceTree = "<group>"; };
		OBJ_56 /* Sword.swift */ = {isa = PBXFileReference; lastKnownFileType = sourcecode.swift; path = Sword.swift; sourceTree = "<group>"; };
		OBJ_58 /* AuditLog.swift */ = {isa = PBXFileReference; lastKnownFileType = sourcecode.swift; path = AuditLog.swift; sourceTree = "<group>"; };
		OBJ_59 /* Channel.swift */ = {isa = PBXFileReference; lastKnownFileType = sourcecode.swift; path = Channel.swift; sourceTree = "<group>"; };
		OBJ_6 /* Package.swift */ = {isa = PBXFileReference; explicitFileType = sourcecode.swift; path = Package.swift; sourceTree = "<group>"; };
		OBJ_60 /* DM.swift */ = {isa = PBXFileReference; lastKnownFileType = sourcecode.swift; path = DM.swift; sourceTree = "<group>"; };
		OBJ_61 /* Emoji.swift */ = {isa = PBXFileReference; lastKnownFileType = sourcecode.swift; path = Emoji.swift; sourceTree = "<group>"; };
		OBJ_62 /* GroupDM.swift */ = {isa = PBXFileReference; lastKnownFileType = sourcecode.swift; path = GroupDM.swift; sourceTree = "<group>"; };
		OBJ_63 /* Guild.swift */ = {isa = PBXFileReference; lastKnownFileType = sourcecode.swift; path = Guild.swift; sourceTree = "<group>"; };
		OBJ_64 /* GuildCategory.swift */ = {isa = PBXFileReference; lastKnownFileType = sourcecode.swift; path = GuildCategory.swift; sourceTree = "<group>"; };
		OBJ_65 /* GuildText.swift */ = {isa = PBXFileReference; lastKnownFileType = sourcecode.swift; path = GuildText.swift; sourceTree = "<group>"; };
		OBJ_66 /* GuildVoice.swift */ = {isa = PBXFileReference; lastKnownFileType = sourcecode.swift; path = GuildVoice.swift; sourceTree = "<group>"; };
		OBJ_67 /* Invite.swift */ = {isa = PBXFileReference; lastKnownFileType = sourcecode.swift; path = Invite.swift; sourceTree = "<group>"; };
		OBJ_68 /* Member.swift */ = {isa = PBXFileReference; lastKnownFileType = sourcecode.swift; path = Member.swift; sourceTree = "<group>"; };
		OBJ_69 /* Message.swift */ = {isa = PBXFileReference; lastKnownFileType = sourcecode.swift; path = Message.swift; sourceTree = "<group>"; };
		OBJ_70 /* Options.swift */ = {isa = PBXFileReference; lastKnownFileType = sourcecode.swift; path = Options.swift; sourceTree = "<group>"; };
		OBJ_71 /* Role.swift */ = {isa = PBXFileReference; lastKnownFileType = sourcecode.swift; path = Role.swift; sourceTree = "<group>"; };
		OBJ_72 /* Snowflake.swift */ = {isa = PBXFileReference; lastKnownFileType = sourcecode.swift; path = Snowflake.swift; sourceTree = "<group>"; };
		OBJ_73 /* User.swift */ = {isa = PBXFileReference; lastKnownFileType = sourcecode.swift; path = User.swift; sourceTree = "<group>"; };
		OBJ_74 /* VoiceState.swift */ = {isa = PBXFileReference; lastKnownFileType = sourcecode.swift; path = VoiceState.swift; sourceTree = "<group>"; };
		OBJ_75 /* Webhook.swift */ = {isa = PBXFileReference; lastKnownFileType = sourcecode.swift; path = Webhook.swift; sourceTree = "<group>"; };
		OBJ_77 /* Bucket.swift */ = {isa = PBXFileReference; lastKnownFileType = sourcecode.swift; path = Bucket.swift; sourceTree = "<group>"; };
		OBJ_78 /* Enums.swift */ = {isa = PBXFileReference; lastKnownFileType = sourcecode.swift; path = Enums.swift; sourceTree = "<group>"; };
		OBJ_79 /* Error.swift */ = {isa = PBXFileReference; lastKnownFileType = sourcecode.swift; path = Error.swift; sourceTree = "<group>"; };
		OBJ_80 /* Imageable.swift */ = {isa = PBXFileReference; lastKnownFileType = sourcecode.swift; path = Imageable.swift; sourceTree = "<group>"; };
		OBJ_81 /* JSON.swift */ = {isa = PBXFileReference; lastKnownFileType = sourcecode.swift; path = JSON.swift; sourceTree = "<group>"; };
		OBJ_82 /* Log.swift */ = {isa = PBXFileReference; lastKnownFileType = sourcecode.swift; path = Log.swift; sourceTree = "<group>"; };
		OBJ_83 /* Updatable.swift */ = {isa = PBXFileReference; lastKnownFileType = sourcecode.swift; path = Updatable.swift; sourceTree = "<group>"; };
		OBJ_84 /* Utils.swift */ = {isa = PBXFileReference; lastKnownFileType = sourcecode.swift; path = Utils.swift; sourceTree = "<group>"; };
		OBJ_85 /* Package.swift */ = {isa = PBXFileReference; explicitFileType = sourcecode.swift; name = Package.swift; path = "/Users/ryan/dev/discordbot/.build/checkouts/Sword-1490915180762393545/Package.swift"; sourceTree = "<group>"; };
		OBJ_87 /* Package.swift */ = {isa = PBXFileReference; explicitFileType = sourcecode.swift; name = Package.swift; path = "/Users/ryan/dev/discordbot/.build/checkouts/Starscream.git-9054841884892542600/Package.swift"; sourceTree = "<group>"; };
		OBJ_88 /* Compression.swift */ = {isa = PBXFileReference; lastKnownFileType = sourcecode.swift; path = Compression.swift; sourceTree = "<group>"; };
		OBJ_89 /* SSLSecurity.swift */ = {isa = PBXFileReference; lastKnownFileType = sourcecode.swift; path = SSLSecurity.swift; sourceTree = "<group>"; };
		OBJ_90 /* WebSocket.swift */ = {isa = PBXFileReference; lastKnownFileType = sourcecode.swift; path = WebSocket.swift; sourceTree = "<group>"; };
		"Raptor::Raptor::Product" /* Raptor.framework */ = {isa = PBXFileReference; explicitFileType = wrapper.framework; path = Raptor.framework; sourceTree = BUILT_PRODUCTS_DIR; };
		"Starscream::Starscream::Product" /* Starscream.framework */ = {isa = PBXFileReference; explicitFileType = wrapper.framework; path = Starscream.framework; sourceTree = BUILT_PRODUCTS_DIR; };
		"Sword::Sword::Product" /* Sword.framework */ = {isa = PBXFileReference; explicitFileType = wrapper.framework; path = Sword.framework; sourceTree = BUILT_PRODUCTS_DIR; };
/* End PBXFileReference section */

/* Begin PBXFrameworksBuildPhase section */
		OBJ_111 /* Frameworks */ = {
			isa = PBXFrameworksBuildPhase;
			buildActionMask = 0;
			files = (
				OBJ_112 /* Raptor.framework in Frameworks */,
				OBJ_113 /* Sword.framework in Frameworks */,
				OBJ_114 /* Starscream.framework in Frameworks */,
			);
			runOnlyForDeploymentPostprocessing = 0;
		};
		OBJ_139 /* Frameworks */ = {
			isa = PBXFrameworksBuildPhase;
			buildActionMask = 0;
			files = (
				OBJ_140 /* Raptor.framework in Frameworks */,
				OBJ_141 /* Sword.framework in Frameworks */,
				OBJ_142 /* Starscream.framework in Frameworks */,
			);
			runOnlyForDeploymentPostprocessing = 0;
		};
		OBJ_153 /* Frameworks */ = {
			isa = PBXFrameworksBuildPhase;
			buildActionMask = 0;
			files = (
			);
			runOnlyForDeploymentPostprocessing = 0;
		};
		OBJ_167 /* Frameworks */ = {
			isa = PBXFrameworksBuildPhase;
			buildActionMask = 0;
			files = (
			);
			runOnlyForDeploymentPostprocessing = 0;
		};
		OBJ_221 /* Frameworks */ = {
			isa = PBXFrameworksBuildPhase;
			buildActionMask = 0;
			files = (
				OBJ_222 /* Starscream.framework in Frameworks */,
			);
			runOnlyForDeploymentPostprocessing = 0;
		};
/* End PBXFrameworksBuildPhase section */

/* Begin PBXGroup section */
		OBJ_13 /* Extensions */ = {
			isa = PBXGroup;
			children = (
				OBJ_14 /* Sword */,
			);
			path = Extensions;
			sourceTree = "<group>";
		};
		OBJ_14 /* Sword */ = {
			isa = PBXGroup;
			children = (
				OBJ_15 /* Snowflake.swift */,
			);
			path = Sword;
			sourceTree = "<group>";
		};
		OBJ_16 /* Routines */ = {
			isa = PBXGroup;
			children = (
				OBJ_17 /* InsultRoutine.swift */,
				OBJ_18 /* MinecraftMessageRoutine.swift */,
				OBJ_19 /* PingPongRoutine.swift */,
				OBJ_20 /* Routine.swift */,
			);
			path = Routines;
			sourceTree = "<group>";
		};
		OBJ_22 /* Tests */ = {
			isa = PBXGroup;
			children = (
				OBJ_23 /* DuetBotTests */,
			);
			name = Tests;
			sourceTree = SOURCE_ROOT;
		};
		OBJ_23 /* DuetBotTests */ = {
			isa = PBXGroup;
			children = (
				OBJ_24 /* DuetBotTests.swift */,
				OBJ_25 /* XCTestManifests.swift */,
			);
			name = DuetBotTests;
			path = Tests/DuetBotTests;
			sourceTree = SOURCE_ROOT;
		};
		OBJ_26 /* Dependencies */ = {
			isa = PBXGroup;
			children = (
				OBJ_27 /* Raptor */,
				OBJ_35 /* Sword */,
				OBJ_86 /* Starscream 3.0.5 */,
			);
			name = Dependencies;
			sourceTree = "<group>";
		};
		OBJ_27 /* Raptor */ = {
			isa = PBXGroup;
			children = (
				OBJ_28 /* Package.swift */,
				OBJ_29 /* src */,
				OBJ_32 /* include */,
			);
			name = Raptor;
			path = ".build/checkouts/Raptor--6116708156360983641/Raptor/Sources";
			sourceTree = SOURCE_ROOT;
		};
		OBJ_29 /* src */ = {
			isa = PBXGroup;
			children = (
				OBJ_30 /* srcon.cpp */,
				OBJ_31 /* umbrella.cpp */,
			);
			path = src;
			sourceTree = "<group>";
		};
		OBJ_32 /* include */ = {
			isa = PBXGroup;
			children = (
				OBJ_33 /* umbrella.h */,
				OBJ_34 /* module.modulemap */,
			);
			path = include;
			sourceTree = "<group>";
		};
		OBJ_35 /* Sword */ = {
			isa = PBXGroup;
			children = (
				OBJ_36 /* Sword */,
				OBJ_85 /* Package.swift */,
			);
			name = Sword;
			sourceTree = SOURCE_ROOT;
		};
		OBJ_36 /* Sword */ = {
			isa = PBXGroup;
			children = (
				OBJ_37 /* Gateway */,
				OBJ_46 /* Rest */,
				OBJ_52 /* Shield */,
				OBJ_56 /* Sword.swift */,
				OBJ_57 /* Types */,
				OBJ_76 /* Utils */,
			);
			name = Sword;
			path = ".build/checkouts/Sword-1490915180762393545/Sources/Sword";
			sourceTree = SOURCE_ROOT;
		};
		OBJ_37 /* Gateway */ = {
			isa = PBXGroup;
			children = (
				OBJ_38 /* EventHandler.swift */,
				OBJ_39 /* Eventable.swift */,
				OBJ_40 /* Gateway.swift */,
				OBJ_41 /* GatewayHandler.swift */,
				OBJ_42 /* Heartbeat.swift */,
				OBJ_43 /* Payload.swift */,
				OBJ_44 /* Shard.swift */,
				OBJ_45 /* ShardManager.swift */,
			);
			path = Gateway;
			sourceTree = "<group>";
		};
		OBJ_46 /* Rest */ = {
			isa = PBXGroup;
			children = (
				OBJ_47 /* EndpointInfo.swift */,
				OBJ_48 /* Endpoints.swift */,
				OBJ_49 /* MultipartBody.swift */,
				OBJ_50 /* RateLimit.swift */,
				OBJ_51 /* Request.swift */,
			);
			path = Rest;
			sourceTree = "<group>";
		};
		OBJ_5 /*  */ = {
			isa = PBXGroup;
			children = (
				OBJ_6 /* Package.swift */,
				OBJ_7 /* Sources */,
				OBJ_22 /* Tests */,
				OBJ_26 /* Dependencies */,
				OBJ_91 /* Products */,
			);
			name = "";
			sourceTree = "<group>";
		};
		OBJ_52 /* Shield */ = {
			isa = PBXGroup;
			children = (
				OBJ_53 /* Command.swift */,
				OBJ_54 /* Permissions.swift */,
				OBJ_55 /* Shield.swift */,
			);
			path = Shield;
			sourceTree = "<group>";
		};
		OBJ_57 /* Types */ = {
			isa = PBXGroup;
			children = (
				OBJ_58 /* AuditLog.swift */,
				OBJ_59 /* Channel.swift */,
				OBJ_60 /* DM.swift */,
				OBJ_61 /* Emoji.swift */,
				OBJ_62 /* GroupDM.swift */,
				OBJ_63 /* Guild.swift */,
				OBJ_64 /* GuildCategory.swift */,
				OBJ_65 /* GuildText.swift */,
				OBJ_66 /* GuildVoice.swift */,
				OBJ_67 /* Invite.swift */,
				OBJ_68 /* Member.swift */,
				OBJ_69 /* Message.swift */,
				OBJ_70 /* Options.swift */,
				OBJ_71 /* Role.swift */,
				OBJ_72 /* Snowflake.swift */,
				OBJ_73 /* User.swift */,
				OBJ_74 /* VoiceState.swift */,
				OBJ_75 /* Webhook.swift */,
			);
			path = Types;
			sourceTree = "<group>";
		};
		OBJ_7 /* Sources */ = {
			isa = PBXGroup;
			children = (
				OBJ_8 /* DuetBot */,
			);
			name = Sources;
			sourceTree = SOURCE_ROOT;
		};
		OBJ_76 /* Utils */ = {
			isa = PBXGroup;
			children = (
				OBJ_77 /* Bucket.swift */,
				OBJ_78 /* Enums.swift */,
				OBJ_79 /* Error.swift */,
				OBJ_80 /* Imageable.swift */,
				OBJ_81 /* JSON.swift */,
				OBJ_82 /* Log.swift */,
				OBJ_83 /* Updatable.swift */,
				OBJ_84 /* Utils.swift */,
			);
			path = Utils;
			sourceTree = "<group>";
		};
		OBJ_8 /* DuetBot */ = {
			isa = PBXGroup;
			children = (
				OBJ_9 /* Core */,
				OBJ_13 /* Extensions */,
				OBJ_16 /* Routines */,
				OBJ_21 /* main.swift */,
			);
			name = DuetBot;
			path = Sources/DuetBot;
			sourceTree = SOURCE_ROOT;
		};
		OBJ_86 /* Starscream 3.0.5 */ = {
			isa = PBXGroup;
			children = (
				OBJ_87 /* Package.swift */,
				OBJ_88 /* Compression.swift */,
				OBJ_89 /* SSLSecurity.swift */,
				OBJ_90 /* WebSocket.swift */,
			);
			name = "Starscream 3.0.5";
			path = ".build/checkouts/Starscream.git-9054841884892542600/Sources";
			sourceTree = SOURCE_ROOT;
		};
		OBJ_9 /* Core */ = {
			isa = PBXGroup;
			children = (
				OBJ_10 /* Bot.swift */,
				OBJ_11 /* Command.swift */,
				OBJ_12 /* Config.swift */,
			);
			path = Core;
			sourceTree = "<group>";
		};
		OBJ_91 /* Products */ = {
			isa = PBXGroup;
			children = (
				"Starscream::Starscream::Product" /* Starscream.framework */,
				"Sword::Sword::Product" /* Sword.framework */,
				"DuetBot::DuetBot::Product" /* DuetBot */,
				"Raptor::Raptor::Product" /* Raptor.framework */,
				"DuetBot::DuetBotTests::Product" /* DuetBotTests.xctest */,
			);
			name = Products;
			sourceTree = BUILT_PRODUCTS_DIR;
		};
/* End PBXGroup section */

/* Begin PBXNativeTarget section */
		"DuetBot::DuetBot" /* DuetBot */ = {
			isa = PBXNativeTarget;
			buildConfigurationList = OBJ_98 /* Build configuration list for PBXNativeTarget "DuetBot" */;
			buildPhases = (
				OBJ_101 /* Sources */,
				OBJ_111 /* Frameworks */,
			);
			buildRules = (
			);
			dependencies = (
				OBJ_115 /* PBXTargetDependency */,
				OBJ_117 /* PBXTargetDependency */,
				OBJ_119 /* PBXTargetDependency */,
			);
			name = DuetBot;
			productName = DuetBot;
			productReference = "DuetBot::DuetBot::Product" /* DuetBot */;
			productType = "com.apple.product-type.tool";
		};
		"DuetBot::DuetBotTests" /* DuetBotTests */ = {
			isa = PBXNativeTarget;
			buildConfigurationList = OBJ_133 /* Build configuration list for PBXNativeTarget "DuetBotTests" */;
			buildPhases = (
				OBJ_136 /* Sources */,
				OBJ_139 /* Frameworks */,
			);
			buildRules = (
			);
			dependencies = (
				OBJ_143 /* PBXTargetDependency */,
				OBJ_144 /* PBXTargetDependency */,
				OBJ_145 /* PBXTargetDependency */,
				OBJ_146 /* PBXTargetDependency */,
			);
			name = DuetBotTests;
			productName = DuetBotTests;
			productReference = "DuetBot::DuetBotTests::Product" /* DuetBotTests.xctest */;
			productType = "com.apple.product-type.bundle.unit-test";
		};
		"DuetBot::SwiftPMPackageDescription" /* DuetBotPackageDescription */ = {
			isa = PBXNativeTarget;
			buildConfigurationList = OBJ_122 /* Build configuration list for PBXNativeTarget "DuetBotPackageDescription" */;
			buildPhases = (
				OBJ_125 /* Sources */,
			);
			buildRules = (
			);
			dependencies = (
			);
			name = DuetBotPackageDescription;
			productName = DuetBotPackageDescription;
			productType = "com.apple.product-type.framework";
		};
		"Raptor::Raptor" /* Raptor */ = {
			isa = PBXNativeTarget;
			buildConfigurationList = OBJ_147 /* Build configuration list for PBXNativeTarget "Raptor" */;
			buildPhases = (
				OBJ_150 /* Sources */,
				OBJ_153 /* Frameworks */,
			);
			buildRules = (
			);
			dependencies = (
			);
			name = Raptor;
			productName = Raptor;
			productReference = "Raptor::Raptor::Product" /* Raptor.framework */;
			productType = "com.apple.product-type.framework";
		};
		"Raptor::SwiftPMPackageDescription" /* RaptorPackageDescription */ = {
			isa = PBXNativeTarget;
			buildConfigurationList = OBJ_155 /* Build configuration list for PBXNativeTarget "RaptorPackageDescription" */;
			buildPhases = (
				OBJ_158 /* Sources */,
			);
			buildRules = (
			);
			dependencies = (
			);
			name = RaptorPackageDescription;
			productName = RaptorPackageDescription;
			productType = "com.apple.product-type.framework";
		};
		"Starscream::Starscream" /* Starscream */ = {
			isa = PBXNativeTarget;
			buildConfigurationList = OBJ_160 /* Build configuration list for PBXNativeTarget "Starscream" */;
			buildPhases = (
				OBJ_163 /* Sources */,
				OBJ_167 /* Frameworks */,
			);
			buildRules = (
			);
			dependencies = (
			);
			name = Starscream;
			productName = Starscream;
			productReference = "Starscream::Starscream::Product" /* Starscream.framework */;
			productType = "com.apple.product-type.framework";
		};
		"Starscream::SwiftPMPackageDescription" /* StarscreamPackageDescription */ = {
			isa = PBXNativeTarget;
			buildConfigurationList = OBJ_169 /* Build configuration list for PBXNativeTarget "StarscreamPackageDescription" */;
			buildPhases = (
				OBJ_172 /* Sources */,
			);
			buildRules = (
			);
			dependencies = (
			);
			name = StarscreamPackageDescription;
			productName = StarscreamPackageDescription;
			productType = "com.apple.product-type.framework";
		};
		"Sword::SwiftPMPackageDescription" /* SwordPackageDescription */ = {
			isa = PBXNativeTarget;
			buildConfigurationList = OBJ_225 /* Build configuration list for PBXNativeTarget "SwordPackageDescription" */;
			buildPhases = (
				OBJ_228 /* Sources */,
			);
			buildRules = (
			);
			dependencies = (
			);
			name = SwordPackageDescription;
			productName = SwordPackageDescription;
			productType = "com.apple.product-type.framework";
		};
		"Sword::Sword" /* Sword */ = {
			isa = PBXNativeTarget;
			buildConfigurationList = OBJ_174 /* Build configuration list for PBXNativeTarget "Sword" */;
			buildPhases = (
				OBJ_177 /* Sources */,
				OBJ_221 /* Frameworks */,
			);
			buildRules = (
			);
			dependencies = (
				OBJ_223 /* PBXTargetDependency */,
			);
			name = Sword;
			productName = Sword;
			productReference = "Sword::Sword::Product" /* Sword.framework */;
			productType = "com.apple.product-type.framework";
		};
/* End PBXNativeTarget section */

/* Begin PBXProject section */
		OBJ_1 /* Project object */ = {
			isa = PBXProject;
			attributes = {
				LastUpgradeCheck = 9999;
			};
			buildConfigurationList = OBJ_2 /* Build configuration list for PBXProject "DuetBot" */;
			compatibilityVersion = "Xcode 3.2";
			developmentRegion = English;
			hasScannedForEncodings = 0;
			knownRegions = (
				en,
			);
			mainGroup = OBJ_5 /*  */;
			productRefGroup = OBJ_91 /* Products */;
			projectDirPath = "";
			projectRoot = "";
			targets = (
				"DuetBot::DuetBot" /* DuetBot */,
				"DuetBot::SwiftPMPackageDescription" /* DuetBotPackageDescription */,
				"DuetBot::DuetBotPackageTests::ProductTarget" /* DuetBotPackageTests */,
				"DuetBot::DuetBotTests" /* DuetBotTests */,
				"Raptor::Raptor" /* Raptor */,
				"Raptor::SwiftPMPackageDescription" /* RaptorPackageDescription */,
				"Starscream::Starscream" /* Starscream */,
				"Starscream::SwiftPMPackageDescription" /* StarscreamPackageDescription */,
				"Sword::Sword" /* Sword */,
				"Sword::SwiftPMPackageDescription" /* SwordPackageDescription */,
			);
		};
/* End PBXProject section */

/* Begin PBXSourcesBuildPhase section */
		OBJ_101 /* Sources */ = {
			isa = PBXSourcesBuildPhase;
			buildActionMask = 0;
			files = (
				OBJ_102 /* Bot.swift in Sources */,
				OBJ_103 /* Command.swift in Sources */,
				OBJ_104 /* Config.swift in Sources */,
				OBJ_105 /* Snowflake.swift in Sources */,
				OBJ_106 /* InsultRoutine.swift in Sources */,
				OBJ_107 /* MinecraftMessageRoutine.swift in Sources */,
				OBJ_108 /* PingPongRoutine.swift in Sources */,
				OBJ_109 /* Routine.swift in Sources */,
				OBJ_110 /* main.swift in Sources */,
			);
			runOnlyForDeploymentPostprocessing = 0;
		};
		OBJ_125 /* Sources */ = {
			isa = PBXSourcesBuildPhase;
			buildActionMask = 0;
			files = (
				OBJ_126 /* Package.swift in Sources */,
			);
			runOnlyForDeploymentPostprocessing = 0;
		};
		OBJ_136 /* Sources */ = {
			isa = PBXSourcesBuildPhase;
			buildActionMask = 0;
			files = (
				OBJ_137 /* DuetBotTests.swift in Sources */,
				OBJ_138 /* XCTestManifests.swift in Sources */,
			);
			runOnlyForDeploymentPostprocessing = 0;
		};
		OBJ_150 /* Sources */ = {
			isa = PBXSourcesBuildPhase;
			buildActionMask = 0;
			files = (
				OBJ_151 /* srcon.cpp in Sources */,
				OBJ_152 /* umbrella.cpp in Sources */,
			);
			runOnlyForDeploymentPostprocessing = 0;
		};
		OBJ_158 /* Sources */ = {
			isa = PBXSourcesBuildPhase;
			buildActionMask = 0;
			files = (
				OBJ_159 /* Package.swift in Sources */,
			);
			runOnlyForDeploymentPostprocessing = 0;
		};
		OBJ_163 /* Sources */ = {
			isa = PBXSourcesBuildPhase;
			buildActionMask = 0;
			files = (
				OBJ_164 /* Compression.swift in Sources */,
				OBJ_165 /* SSLSecurity.swift in Sources */,
				OBJ_166 /* WebSocket.swift in Sources */,
			);
			runOnlyForDeploymentPostprocessing = 0;
		};
		OBJ_172 /* Sources */ = {
			isa = PBXSourcesBuildPhase;
			buildActionMask = 0;
			files = (
				OBJ_173 /* Package.swift in Sources */,
			);
			runOnlyForDeploymentPostprocessing = 0;
		};
		OBJ_177 /* Sources */ = {
			isa = PBXSourcesBuildPhase;
			buildActionMask = 0;
			files = (
				OBJ_178 /* EventHandler.swift in Sources */,
				OBJ_179 /* Eventable.swift in Sources */,
				OBJ_180 /* Gateway.swift in Sources */,
				OBJ_181 /* GatewayHandler.swift in Sources */,
				OBJ_182 /* Heartbeat.swift in Sources */,
				OBJ_183 /* Payload.swift in Sources */,
				OBJ_184 /* Shard.swift in Sources */,
				OBJ_185 /* ShardManager.swift in Sources */,
				OBJ_186 /* EndpointInfo.swift in Sources */,
				OBJ_187 /* Endpoints.swift in Sources */,
				OBJ_188 /* MultipartBody.swift in Sources */,
				OBJ_189 /* RateLimit.swift in Sources */,
				OBJ_190 /* Request.swift in Sources */,
				OBJ_191 /* Command.swift in Sources */,
				OBJ_192 /* Permissions.swift in Sources */,
				OBJ_193 /* Shield.swift in Sources */,
				OBJ_194 /* Sword.swift in Sources */,
				OBJ_195 /* AuditLog.swift in Sources */,
				OBJ_196 /* Channel.swift in Sources */,
				OBJ_197 /* DM.swift in Sources */,
				OBJ_198 /* Emoji.swift in Sources */,
				OBJ_199 /* GroupDM.swift in Sources */,
				OBJ_200 /* Guild.swift in Sources */,
				OBJ_201 /* GuildCategory.swift in Sources */,
				OBJ_202 /* GuildText.swift in Sources */,
				OBJ_203 /* GuildVoice.swift in Sources */,
				OBJ_204 /* Invite.swift in Sources */,
				OBJ_205 /* Member.swift in Sources */,
				OBJ_206 /* Message.swift in Sources */,
				OBJ_207 /* Options.swift in Sources */,
				OBJ_208 /* Role.swift in Sources */,
				OBJ_209 /* Snowflake.swift in Sources */,
				OBJ_210 /* User.swift in Sources */,
				OBJ_211 /* VoiceState.swift in Sources */,
				OBJ_212 /* Webhook.swift in Sources */,
				OBJ_213 /* Bucket.swift in Sources */,
				OBJ_214 /* Enums.swift in Sources */,
				OBJ_215 /* Error.swift in Sources */,
				OBJ_216 /* Imageable.swift in Sources */,
				OBJ_217 /* JSON.swift in Sources */,
				OBJ_218 /* Log.swift in Sources */,
				OBJ_219 /* Updatable.swift in Sources */,
				OBJ_220 /* Utils.swift in Sources */,
			);
			runOnlyForDeploymentPostprocessing = 0;
		};
		OBJ_228 /* Sources */ = {
			isa = PBXSourcesBuildPhase;
			buildActionMask = 0;
			files = (
				OBJ_229 /* Package.swift in Sources */,
			);
			runOnlyForDeploymentPostprocessing = 0;
		};
/* End PBXSourcesBuildPhase section */

/* Begin PBXTargetDependency section */
		OBJ_115 /* PBXTargetDependency */ = {
			isa = PBXTargetDependency;
			target = "Raptor::Raptor" /* Raptor */;
			targetProxy = 946F7E3C2198117700A2A1D3 /* PBXContainerItemProxy */;
		};
		OBJ_117 /* PBXTargetDependency */ = {
			isa = PBXTargetDependency;
			target = "Sword::Sword" /* Sword */;
			targetProxy = 946F7E3D2198117700A2A1D3 /* PBXContainerItemProxy */;
		};
		OBJ_119 /* PBXTargetDependency */ = {
			isa = PBXTargetDependency;
			target = "Starscream::Starscream" /* Starscream */;
			targetProxy = 946F7E3E2198117700A2A1D3 /* PBXContainerItemProxy */;
		};
		OBJ_131 /* PBXTargetDependency */ = {
			isa = PBXTargetDependency;
			target = "DuetBot::DuetBotTests" /* DuetBotTests */;
			targetProxy = 946F7E432198117800A2A1D3 /* PBXContainerItemProxy */;
		};
		OBJ_143 /* PBXTargetDependency */ = {
			isa = PBXTargetDependency;
			target = "DuetBot::DuetBot" /* DuetBot */;
			targetProxy = 946F7E3F2198117700A2A1D3 /* PBXContainerItemProxy */;
		};
		OBJ_144 /* PBXTargetDependency */ = {
			isa = PBXTargetDependency;
			target = "Raptor::Raptor" /* Raptor */;
			targetProxy = 946F7E402198117700A2A1D3 /* PBXContainerItemProxy */;
		};
		OBJ_145 /* PBXTargetDependency */ = {
			isa = PBXTargetDependency;
			target = "Sword::Sword" /* Sword */;
			targetProxy = 946F7E412198117700A2A1D3 /* PBXContainerItemProxy */;
		};
		OBJ_146 /* PBXTargetDependency */ = {
			isa = PBXTargetDependency;
			target = "Starscream::Starscream" /* Starscream */;
			targetProxy = 946F7E422198117700A2A1D3 /* PBXContainerItemProxy */;
		};
		OBJ_223 /* PBXTargetDependency */ = {
			isa = PBXTargetDependency;
			target = "Starscream::Starscream" /* Starscream */;
			targetProxy = 946F7E3B2198117700A2A1D3 /* PBXContainerItemProxy */;
		};
/* End PBXTargetDependency section */

/* Begin XCBuildConfiguration section */
		OBJ_100 /* Release */ = {
			isa = XCBuildConfiguration;
			buildSettings = {
				FRAMEWORK_SEARCH_PATHS = (
					"$(inherited)",
					"$(PLATFORM_DIR)/Developer/Library/Frameworks",
				);
				HEADER_SEARCH_PATHS = (
					"$(inherited)",
					"$(SRCROOT)/.build/checkouts/Raptor--6116708156360983641/Raptor/Sources/include",
					"$(SRCROOT)/.build/checkouts/common-crypto-spm.git-6942292348695836942",
					"$(SRCROOT)/.build/checkouts/zlib-spm.git--6647400130614265439",
					"$(SRCROOT)/DuetBot.xcodeproj/GeneratedModuleMap/Raptor",
				);
				INFOPLIST_FILE = DuetBot.xcodeproj/DuetBot_Info.plist;
				LD_RUNPATH_SEARCH_PATHS = "$(inherited) $(TOOLCHAIN_DIR)/usr/lib/swift/macosx @executable_path";
				OTHER_CFLAGS = "$(inherited)";
				OTHER_LDFLAGS = "$(inherited)";
				OTHER_SWIFT_FLAGS = "$(inherited) -Xcc -fmodule-map-file=$(SRCROOT)/DuetBot.xcodeproj/GeneratedModuleMap/Raptor/module.modulemap";
				SWIFT_FORCE_DYNAMIC_LINK_STDLIB = YES;
				SWIFT_FORCE_STATIC_LINK_STDLIB = NO;
				SWIFT_VERSION = 4.0;
				TARGET_NAME = DuetBot;
			};
			name = Release;
		};
		OBJ_123 /* Debug */ = {
			isa = XCBuildConfiguration;
			buildSettings = {
				LD = /usr/bin/true;
				OTHER_SWIFT_FLAGS = "-swift-version 4 -I $(TOOLCHAIN_DIR)/usr/lib/swift/pm/4 -target x86_64-apple-macosx10.10 -sdk /Applications/Xcode.app/Contents/Developer/Platforms/MacOSX.platform/Developer/SDKs/MacOSX10.13.sdk";
				SWIFT_VERSION = 4.0;
			};
			name = Debug;
		};
		OBJ_124 /* Release */ = {
			isa = XCBuildConfiguration;
			buildSettings = {
				LD = /usr/bin/true;
				OTHER_SWIFT_FLAGS = "-swift-version 4 -I $(TOOLCHAIN_DIR)/usr/lib/swift/pm/4 -target x86_64-apple-macosx10.10 -sdk /Applications/Xcode.app/Contents/Developer/Platforms/MacOSX.platform/Developer/SDKs/MacOSX10.13.sdk";
				SWIFT_VERSION = 4.0;
			};
			name = Release;
		};
		OBJ_129 /* Debug */ = {
			isa = XCBuildConfiguration;
			buildSettings = {
			};
			name = Debug;
		};
		OBJ_130 /* Release */ = {
			isa = XCBuildConfiguration;
			buildSettings = {
			};
			name = Release;
		};
		OBJ_134 /* Debug */ = {
			isa = XCBuildConfiguration;
			buildSettings = {
				EMBEDDED_CONTENT_CONTAINS_SWIFT = YES;
				FRAMEWORK_SEARCH_PATHS = (
					"$(inherited)",
					"$(PLATFORM_DIR)/Developer/Library/Frameworks",
				);
				HEADER_SEARCH_PATHS = (
					"$(inherited)",
					"$(SRCROOT)/.build/checkouts/Raptor--6116708156360983641/Raptor/Sources/include",
					"$(SRCROOT)/.build/checkouts/common-crypto-spm.git-6942292348695836942",
					"$(SRCROOT)/.build/checkouts/zlib-spm.git--6647400130614265439",
					"$(SRCROOT)/DuetBot.xcodeproj/GeneratedModuleMap/Raptor",
				);
				INFOPLIST_FILE = DuetBot.xcodeproj/DuetBotTests_Info.plist;
				LD_RUNPATH_SEARCH_PATHS = "$(inherited) @loader_path/../Frameworks @loader_path/Frameworks";
				OTHER_CFLAGS = "$(inherited)";
				OTHER_LDFLAGS = "$(inherited)";
				OTHER_SWIFT_FLAGS = "$(inherited) -Xcc -fmodule-map-file=$(SRCROOT)/DuetBot.xcodeproj/GeneratedModuleMap/Raptor/module.modulemap";
				SWIFT_VERSION = 4.0;
				TARGET_NAME = DuetBotTests;
			};
			name = Debug;
		};
		OBJ_135 /* Release */ = {
			isa = XCBuildConfiguration;
			buildSettings = {
				EMBEDDED_CONTENT_CONTAINS_SWIFT = YES;
				FRAMEWORK_SEARCH_PATHS = (
					"$(inherited)",
					"$(PLATFORM_DIR)/Developer/Library/Frameworks",
				);
				HEADER_SEARCH_PATHS = (
					"$(inherited)",
					"$(SRCROOT)/.build/checkouts/Raptor--6116708156360983641/Raptor/Sources/include",
					"$(SRCROOT)/.build/checkouts/common-crypto-spm.git-6942292348695836942",
					"$(SRCROOT)/.build/checkouts/zlib-spm.git--6647400130614265439",
					"$(SRCROOT)/DuetBot.xcodeproj/GeneratedModuleMap/Raptor",
				);
				INFOPLIST_FILE = DuetBot.xcodeproj/DuetBotTests_Info.plist;
				LD_RUNPATH_SEARCH_PATHS = "$(inherited) @loader_path/../Frameworks @loader_path/Frameworks";
				OTHER_CFLAGS = "$(inherited)";
				OTHER_LDFLAGS = "$(inherited)";
				OTHER_SWIFT_FLAGS = "$(inherited) -Xcc -fmodule-map-file=$(SRCROOT)/DuetBot.xcodeproj/GeneratedModuleMap/Raptor/module.modulemap";
				SWIFT_VERSION = 4.0;
				TARGET_NAME = DuetBotTests;
			};
			name = Release;
		};
		OBJ_148 /* Debug */ = {
			isa = XCBuildConfiguration;
			buildSettings = {
				DEFINES_MODULE = NO;
				ENABLE_TESTABILITY = YES;
				FRAMEWORK_SEARCH_PATHS = (
					"$(inherited)",
					"$(PLATFORM_DIR)/Developer/Library/Frameworks",
				);
				HEADER_SEARCH_PATHS = (
					"$(inherited)",
					"$(SRCROOT)/.build/checkouts/Raptor--6116708156360983641/Raptor/Sources/include",
				);
				INFOPLIST_FILE = DuetBot.xcodeproj/Raptor_Info.plist;
				LD_RUNPATH_SEARCH_PATHS = "$(inherited) $(TOOLCHAIN_DIR)/usr/lib/swift/macosx";
				OTHER_CFLAGS = "$(inherited)";
				OTHER_LDFLAGS = "$(inherited)";
				OTHER_SWIFT_FLAGS = "$(inherited)";
				PRODUCT_BUNDLE_IDENTIFIER = Raptor;
				PRODUCT_MODULE_NAME = "$(TARGET_NAME:c99extidentifier)";
				PRODUCT_NAME = "$(TARGET_NAME:c99extidentifier)";
				SKIP_INSTALL = YES;
				TARGET_NAME = Raptor;
			};
			name = Debug;
		};
		OBJ_149 /* Release */ = {
			isa = XCBuildConfiguration;
			buildSettings = {
				DEFINES_MODULE = NO;
				ENABLE_TESTABILITY = YES;
				FRAMEWORK_SEARCH_PATHS = (
					"$(inherited)",
					"$(PLATFORM_DIR)/Developer/Library/Frameworks",
				);
				HEADER_SEARCH_PATHS = (
					"$(inherited)",
					"$(SRCROOT)/.build/checkouts/Raptor--6116708156360983641/Raptor/Sources/include",
				);
				INFOPLIST_FILE = DuetBot.xcodeproj/Raptor_Info.plist;
				LD_RUNPATH_SEARCH_PATHS = "$(inherited) $(TOOLCHAIN_DIR)/usr/lib/swift/macosx";
				OTHER_CFLAGS = "$(inherited)";
				OTHER_LDFLAGS = "$(inherited)";
				OTHER_SWIFT_FLAGS = "$(inherited)";
				PRODUCT_BUNDLE_IDENTIFIER = Raptor;
				PRODUCT_MODULE_NAME = "$(TARGET_NAME:c99extidentifier)";
				PRODUCT_NAME = "$(TARGET_NAME:c99extidentifier)";
				SKIP_INSTALL = YES;
				TARGET_NAME = Raptor;
			};
			name = Release;
		};
		OBJ_156 /* Debug */ = {
			isa = XCBuildConfiguration;
			buildSettings = {
				LD = /usr/bin/true;
				OTHER_SWIFT_FLAGS = "-swift-version 4 -I $(TOOLCHAIN_DIR)/usr/lib/swift/pm/4 -target x86_64-apple-macosx10.10 -sdk /Applications/Xcode.app/Contents/Developer/Platforms/MacOSX.platform/Developer/SDKs/MacOSX10.13.sdk";
				SWIFT_VERSION = 4.0;
			};
			name = Debug;
		};
		OBJ_157 /* Release */ = {
			isa = XCBuildConfiguration;
			buildSettings = {
				LD = /usr/bin/true;
				OTHER_SWIFT_FLAGS = "-swift-version 4 -I $(TOOLCHAIN_DIR)/usr/lib/swift/pm/4 -target x86_64-apple-macosx10.10 -sdk /Applications/Xcode.app/Contents/Developer/Platforms/MacOSX.platform/Developer/SDKs/MacOSX10.13.sdk";
				SWIFT_VERSION = 4.0;
			};
			name = Release;
		};
		OBJ_161 /* Debug */ = {
			isa = XCBuildConfiguration;
			buildSettings = {
				ENABLE_TESTABILITY = YES;
				FRAMEWORK_SEARCH_PATHS = (
					"$(inherited)",
					"$(PLATFORM_DIR)/Developer/Library/Frameworks",
				);
				HEADER_SEARCH_PATHS = (
					"$(inherited)",
					"$(SRCROOT)/.build/checkouts/common-crypto-spm.git-6942292348695836942",
					"$(SRCROOT)/.build/checkouts/zlib-spm.git--6647400130614265439",
				);
				INFOPLIST_FILE = DuetBot.xcodeproj/Starscream_Info.plist;
				LD_RUNPATH_SEARCH_PATHS = "$(inherited) $(TOOLCHAIN_DIR)/usr/lib/swift/macosx";
				OTHER_CFLAGS = "$(inherited)";
				OTHER_LDFLAGS = "$(inherited)";
				OTHER_SWIFT_FLAGS = "$(inherited)";
				PRODUCT_BUNDLE_IDENTIFIER = Starscream;
				PRODUCT_MODULE_NAME = "$(TARGET_NAME:c99extidentifier)";
				PRODUCT_NAME = "$(TARGET_NAME:c99extidentifier)";
				SKIP_INSTALL = YES;
				SWIFT_VERSION = 4.0;
				TARGET_NAME = Starscream;
			};
			name = Debug;
		};
		OBJ_162 /* Release */ = {
			isa = XCBuildConfiguration;
			buildSettings = {
				ENABLE_TESTABILITY = YES;
				FRAMEWORK_SEARCH_PATHS = (
					"$(inherited)",
					"$(PLATFORM_DIR)/Developer/Library/Frameworks",
				);
				HEADER_SEARCH_PATHS = (
					"$(inherited)",
					"$(SRCROOT)/.build/checkouts/common-crypto-spm.git-6942292348695836942",
					"$(SRCROOT)/.build/checkouts/zlib-spm.git--6647400130614265439",
				);
				INFOPLIST_FILE = DuetBot.xcodeproj/Starscream_Info.plist;
				LD_RUNPATH_SEARCH_PATHS = "$(inherited) $(TOOLCHAIN_DIR)/usr/lib/swift/macosx";
				OTHER_CFLAGS = "$(inherited)";
				OTHER_LDFLAGS = "$(inherited)";
				OTHER_SWIFT_FLAGS = "$(inherited)";
				PRODUCT_BUNDLE_IDENTIFIER = Starscream;
				PRODUCT_MODULE_NAME = "$(TARGET_NAME:c99extidentifier)";
				PRODUCT_NAME = "$(TARGET_NAME:c99extidentifier)";
				SKIP_INSTALL = YES;
				SWIFT_VERSION = 4.0;
				TARGET_NAME = Starscream;
			};
			name = Release;
		};
		OBJ_170 /* Debug */ = {
			isa = XCBuildConfiguration;
			buildSettings = {
				LD = /usr/bin/true;
				OTHER_SWIFT_FLAGS = "-swift-version 4 -I $(TOOLCHAIN_DIR)/usr/lib/swift/pm/4 -target x86_64-apple-macosx10.10 -sdk /Applications/Xcode.app/Contents/Developer/Platforms/MacOSX.platform/Developer/SDKs/MacOSX10.13.sdk";
				SWIFT_VERSION = 4.0;
			};
			name = Debug;
		};
		OBJ_171 /* Release */ = {
			isa = XCBuildConfiguration;
			buildSettings = {
				LD = /usr/bin/true;
				OTHER_SWIFT_FLAGS = "-swift-version 4 -I $(TOOLCHAIN_DIR)/usr/lib/swift/pm/4 -target x86_64-apple-macosx10.10 -sdk /Applications/Xcode.app/Contents/Developer/Platforms/MacOSX.platform/Developer/SDKs/MacOSX10.13.sdk";
				SWIFT_VERSION = 4.0;
			};
			name = Release;
		};
		OBJ_175 /* Debug */ = {
			isa = XCBuildConfiguration;
			buildSettings = {
				ENABLE_TESTABILITY = YES;
				FRAMEWORK_SEARCH_PATHS = (
					"$(inherited)",
					"$(PLATFORM_DIR)/Developer/Library/Frameworks",
				);
				HEADER_SEARCH_PATHS = (
					"$(inherited)",
					"$(SRCROOT)/.build/checkouts/common-crypto-spm.git-6942292348695836942",
					"$(SRCROOT)/.build/checkouts/zlib-spm.git--6647400130614265439",
				);
				INFOPLIST_FILE = DuetBot.xcodeproj/Sword_Info.plist;
				LD_RUNPATH_SEARCH_PATHS = "$(inherited) $(TOOLCHAIN_DIR)/usr/lib/swift/macosx";
				OTHER_CFLAGS = "$(inherited)";
				OTHER_LDFLAGS = "$(inherited)";
				OTHER_SWIFT_FLAGS = "$(inherited)";
				PRODUCT_BUNDLE_IDENTIFIER = Sword;
				PRODUCT_MODULE_NAME = "$(TARGET_NAME:c99extidentifier)";
				PRODUCT_NAME = "$(TARGET_NAME:c99extidentifier)";
				SKIP_INSTALL = YES;
				SWIFT_VERSION = 4.0;
				TARGET_NAME = Sword;
			};
			name = Debug;
		};
		OBJ_176 /* Release */ = {
			isa = XCBuildConfiguration;
			buildSettings = {
				ENABLE_TESTABILITY = YES;
				FRAMEWORK_SEARCH_PATHS = (
					"$(inherited)",
					"$(PLATFORM_DIR)/Developer/Library/Frameworks",
				);
				HEADER_SEARCH_PATHS = (
					"$(inherited)",
					"$(SRCROOT)/.build/checkouts/common-crypto-spm.git-6942292348695836942",
					"$(SRCROOT)/.build/checkouts/zlib-spm.git--6647400130614265439",
				);
				INFOPLIST_FILE = DuetBot.xcodeproj/Sword_Info.plist;
				LD_RUNPATH_SEARCH_PATHS = "$(inherited) $(TOOLCHAIN_DIR)/usr/lib/swift/macosx";
				OTHER_CFLAGS = "$(inherited)";
				OTHER_LDFLAGS = "$(inherited)";
				OTHER_SWIFT_FLAGS = "$(inherited)";
				PRODUCT_BUNDLE_IDENTIFIER = Sword;
				PRODUCT_MODULE_NAME = "$(TARGET_NAME:c99extidentifier)";
				PRODUCT_NAME = "$(TARGET_NAME:c99extidentifier)";
				SKIP_INSTALL = YES;
				SWIFT_VERSION = 4.0;
				TARGET_NAME = Sword;
			};
			name = Release;
		};
		OBJ_226 /* Debug */ = {
			isa = XCBuildConfiguration;
			buildSettings = {
				LD = /usr/bin/true;
				OTHER_SWIFT_FLAGS = "-swift-version 4 -I $(TOOLCHAIN_DIR)/usr/lib/swift/pm/4 -target x86_64-apple-macosx10.10 -sdk /Applications/Xcode.app/Contents/Developer/Platforms/MacOSX.platform/Developer/SDKs/MacOSX10.13.sdk";
				SWIFT_VERSION = 4.0;
			};
			name = Debug;
		};
		OBJ_227 /* Release */ = {
			isa = XCBuildConfiguration;
			buildSettings = {
				LD = /usr/bin/true;
				OTHER_SWIFT_FLAGS = "-swift-version 4 -I $(TOOLCHAIN_DIR)/usr/lib/swift/pm/4 -target x86_64-apple-macosx10.10 -sdk /Applications/Xcode.app/Contents/Developer/Platforms/MacOSX.platform/Developer/SDKs/MacOSX10.13.sdk";
				SWIFT_VERSION = 4.0;
			};
			name = Release;
		};
		OBJ_3 /* Debug */ = {
			isa = XCBuildConfiguration;
			buildSettings = {
				CLANG_ENABLE_OBJC_ARC = YES;
				COMBINE_HIDPI_IMAGES = YES;
				COPY_PHASE_STRIP = NO;
				DEBUG_INFORMATION_FORMAT = dwarf;
				DYLIB_INSTALL_NAME_BASE = "@rpath";
				ENABLE_NS_ASSERTIONS = YES;
				GCC_OPTIMIZATION_LEVEL = 0;
				MACOSX_DEPLOYMENT_TARGET = 10.10;
				ONLY_ACTIVE_ARCH = YES;
				OTHER_SWIFT_FLAGS = "-DXcode";
				PRODUCT_NAME = "$(TARGET_NAME)";
				SDKROOT = macosx;
				SUPPORTED_PLATFORMS = "macosx iphoneos iphonesimulator appletvos appletvsimulator watchos watchsimulator";
				SWIFT_ACTIVE_COMPILATION_CONDITIONS = SWIFT_PACKAGE;
				SWIFT_OPTIMIZATION_LEVEL = "-Onone";
				USE_HEADERMAP = NO;
			};
			name = Debug;
		};
		OBJ_4 /* Release */ = {
			isa = XCBuildConfiguration;
			buildSettings = {
				CLANG_ENABLE_OBJC_ARC = YES;
				COMBINE_HIDPI_IMAGES = YES;
				COPY_PHASE_STRIP = YES;
				DEBUG_INFORMATION_FORMAT = "dwarf-with-dsym";
				DYLIB_INSTALL_NAME_BASE = "@rpath";
				GCC_OPTIMIZATION_LEVEL = s;
				MACOSX_DEPLOYMENT_TARGET = 10.10;
				OTHER_SWIFT_FLAGS = "-DXcode";
				PRODUCT_NAME = "$(TARGET_NAME)";
				SDKROOT = macosx;
				SUPPORTED_PLATFORMS = "macosx iphoneos iphonesimulator appletvos appletvsimulator watchos watchsimulator";
				SWIFT_ACTIVE_COMPILATION_CONDITIONS = SWIFT_PACKAGE;
				SWIFT_OPTIMIZATION_LEVEL = "-Owholemodule";
				USE_HEADERMAP = NO;
			};
			name = Release;
		};
		OBJ_99 /* Debug */ = {
			isa = XCBuildConfiguration;
			buildSettings = {
				FRAMEWORK_SEARCH_PATHS = (
					"$(inherited)",
					"$(PLATFORM_DIR)/Developer/Library/Frameworks",
				);
				HEADER_SEARCH_PATHS = (
					"$(inherited)",
					"$(SRCROOT)/.build/checkouts/Raptor--6116708156360983641/Raptor/Sources/include",
					"$(SRCROOT)/.build/checkouts/common-crypto-spm.git-6942292348695836942",
					"$(SRCROOT)/.build/checkouts/zlib-spm.git--6647400130614265439",
					"$(SRCROOT)/DuetBot.xcodeproj/GeneratedModuleMap/Raptor",
				);
				INFOPLIST_FILE = DuetBot.xcodeproj/DuetBot_Info.plist;
				LD_RUNPATH_SEARCH_PATHS = "$(inherited) $(TOOLCHAIN_DIR)/usr/lib/swift/macosx @executable_path";
				OTHER_CFLAGS = "$(inherited)";
				OTHER_LDFLAGS = "$(inherited)";
				OTHER_SWIFT_FLAGS = "$(inherited) -Xcc -fmodule-map-file=$(SRCROOT)/DuetBot.xcodeproj/GeneratedModuleMap/Raptor/module.modulemap";
				SWIFT_FORCE_DYNAMIC_LINK_STDLIB = YES;
				SWIFT_FORCE_STATIC_LINK_STDLIB = NO;
				SWIFT_VERSION = 4.0;
				TARGET_NAME = DuetBot;
			};
			name = Debug;
		};
/* End XCBuildConfiguration section */

/* Begin XCConfigurationList section */
		OBJ_122 /* Build configuration list for PBXNativeTarget "DuetBotPackageDescription" */ = {
			isa = XCConfigurationList;
			buildConfigurations = (
				OBJ_123 /* Debug */,
				OBJ_124 /* Release */,
			);
			defaultConfigurationIsVisible = 0;
			defaultConfigurationName = Release;
		};
		OBJ_128 /* Build configuration list for PBXAggregateTarget "DuetBotPackageTests" */ = {
			isa = XCConfigurationList;
			buildConfigurations = (
				OBJ_129 /* Debug */,
				OBJ_130 /* Release */,
			);
			defaultConfigurationIsVisible = 0;
			defaultConfigurationName = Release;
		};
		OBJ_133 /* Build configuration list for PBXNativeTarget "DuetBotTests" */ = {
			isa = XCConfigurationList;
			buildConfigurations = (
				OBJ_134 /* Debug */,
				OBJ_135 /* Release */,
			);
			defaultConfigurationIsVisible = 0;
			defaultConfigurationName = Release;
		};
		OBJ_147 /* Build configuration list for PBXNativeTarget "Raptor" */ = {
			isa = XCConfigurationList;
			buildConfigurations = (
				OBJ_148 /* Debug */,
				OBJ_149 /* Release */,
			);
			defaultConfigurationIsVisible = 0;
			defaultConfigurationName = Release;
		};
		OBJ_155 /* Build configuration list for PBXNativeTarget "RaptorPackageDescription" */ = {
			isa = XCConfigurationList;
			buildConfigurations = (
				OBJ_156 /* Debug */,
				OBJ_157 /* Release */,
			);
			defaultConfigurationIsVisible = 0;
			defaultConfigurationName = Release;
		};
		OBJ_160 /* Build configuration list for PBXNativeTarget "Starscream" */ = {
			isa = XCConfigurationList;
			buildConfigurations = (
				OBJ_161 /* Debug */,
				OBJ_162 /* Release */,
			);
			defaultConfigurationIsVisible = 0;
			defaultConfigurationName = Release;
		};
		OBJ_169 /* Build configuration list for PBXNativeTarget "StarscreamPackageDescription" */ = {
			isa = XCConfigurationList;
			buildConfigurations = (
				OBJ_170 /* Debug */,
				OBJ_171 /* Release */,
			);
			defaultConfigurationIsVisible = 0;
			defaultConfigurationName = Release;
		};
		OBJ_174 /* Build configuration list for PBXNativeTarget "Sword" */ = {
			isa = XCConfigurationList;
			buildConfigurations = (
				OBJ_175 /* Debug */,
				OBJ_176 /* Release */,
			);
			defaultConfigurationIsVisible = 0;
			defaultConfigurationName = Release;
		};
		OBJ_2 /* Build configuration list for PBXProject "DuetBot" */ = {
			isa = XCConfigurationList;
			buildConfigurations = (
				OBJ_3 /* Debug */,
				OBJ_4 /* Release */,
			);
			defaultConfigurationIsVisible = 0;
			defaultConfigurationName = Release;
		};
		OBJ_225 /* Build configuration list for PBXNativeTarget "SwordPackageDescription" */ = {
			isa = XCConfigurationList;
			buildConfigurations = (
				OBJ_226 /* Debug */,
				OBJ_227 /* Release */,
			);
			defaultConfigurationIsVisible = 0;
			defaultConfigurationName = Release;
		};
		OBJ_98 /* Build configuration list for PBXNativeTarget "DuetBot" */ = {
			isa = XCConfigurationList;
			buildConfigurations = (
				OBJ_99 /* Debug */,
				OBJ_100 /* Release */,
			);
			defaultConfigurationIsVisible = 0;
			defaultConfigurationName = Release;
		};
/* End XCConfigurationList section */
	};
	rootObject = OBJ_1 /* Project object */;
}
